{
  "name": "dsh-agent-skyline",
  "version": "1.0.0",
  "lockfileVersion": 3,
  "requires": true,
  "packages": {
    "": {
      "name": "dsh-agent-skyline",
      "version": "1.0.0",
      "license": "MIT",
      "peerDependencies": {
        "@deepseek-ai/dsh-client-locale": "*",
        "@deepseek-ai/dsh-client-runtime": "*",
        "@deepseek-ai/dsh-client-ui-conversation": "*",
        "react": "^18.2.0",
        "react-dom": "^18.2.0"
      },
      "peerDependenciesMeta": {
        "@deepseek-ai/dsh-client-locale": { "optional": true },
        "@deepseek-ai/dsh-client-runtime": { "optional": true },
        "@deepseek-ai/dsh-client-ui-conversation": { "optional": true }
      },
      "engines": { "node": ">=20" }
    }
  }
}
